
Microsoft Visual Studio Solution File, Format Version 12.00
# Visual Studio 15
VisualStudioVersion = 15.0.27130.2027
MinimumVisualStudioVersion = 10.0.40219.1
Project("{9A19103F-16F7-4668-BE54-9A1E7A4F7556}") = "DotZeroMQ", "DotZeroMQ\DotZeroMQ.csproj", "{BBB6AB5D-2F6F-46F1-8987-BEC9FCF3B773}"
EndProject
Project("{9A19103F-16F7-4668-BE54-9A1E7A4F7556}") = "DotZeroMQ.ConsoleTest", "DotZeroMQ.ConsoleTest\DotZeroMQ.ConsoleTest.csproj", "{5BA60DCA-1264-4A7B-8725-7BE3429EC1A3}"
EndProject
Project("{9A19103F-16F7-4668-BE54-9A1E7A4F7556}") = "DotZeroMQ.UnitTests", "DotZeroMQ.UnitTests\DotZeroMQ.UnitTests.csproj", "{220F0E4B-068C-4A13-ABBD-C50EFA6C92FB}"
EndProject
Project("{2150E333-8FDC-42A3-9474-1A3956D46DE8}") = "pipeline", "pipeline", "{C2AA901E-2629-4BC3-8FF5-2D63B57AE62F}"
	ProjectSection(SolutionItems) = preProject
		pipeline\build.yml = pipeline\build.yml
		pipeline\libzmq_linux.yml = pipeline\libzmq_linux.yml
		pipeline\libzmq_macos.yml = pipeline\libzmq_macos.yml
		pipeline\libzmq_windows.yml = pipeline\libzmq_windows.yml
		pipeline\pipeline.yml = pipeline\pipeline.yml
	EndProjectSection
EndProject
Project("{2150E333-8FDC-42A3-9474-1A3956D46DE8}") = "Solution Items", "Solution Items", "{130A6F43-0D12-4788-B97F-FBC84E9D0565}"
	ProjectSection(SolutionItems) = preProject
		LICENSE = LICENSE
		README.md = README.md
	EndProjectSection
EndProject
Global
	GlobalSection(SolutionConfigurationPlatforms) = preSolution
		Debug|Any CPU = Debug|Any CPU
		Release|Any CPU = Release|Any CPU
	EndGlobalSection
	GlobalSection(ProjectConfigurationPlatforms) = postSolution
		{BBB6AB5D-2F6F-46F1-8987-BEC9FCF3B773}.Debug|Any CPU.ActiveCfg = Debug|Any CPU
		{BBB6AB5D-2F6F-46F1-8987-BEC9FCF3B773}.Debug|Any CPU.Build.0 = Debug|Any CPU
		{BBB6AB5D-2F6F-46F1-8987-BEC9FCF3B773}.Release|Any CPU.ActiveCfg = Release|Any CPU
		{BBB6AB5D-2F6F-46F1-8987-BEC9FCF3B773}.Release|Any CPU.Build.0 = Release|Any CPU
		{5BA60DCA-1264-4A7B-8725-7BE3429EC1A3}.Debug|Any CPU.ActiveCfg = Debug|Any CPU
		{5BA60DCA-1264-4A7B-8725-7BE3429EC1A3}.Debug|Any CPU.Build.0 = Debug|Any CPU
		{5BA60DCA-1264-4A7B-8725-7BE3429EC1A3}.Release|Any CPU.ActiveCfg = Release|Any CPU
		{5BA60DCA-1264-4A7B-8725-7BE3429EC1A3}.Release|Any CPU.Build.0 = Release|Any CPU
		{220F0E4B-068C-4A13-ABBD-C50EFA6C92FB}.Debug|Any CPU.ActiveCfg = Debug|Any CPU
		{220F0E4B-068C-4A13-ABBD-C50EFA6C92FB}.Debug|Any CPU.Build.0 = Debug|Any CPU
		{220F0E4B-068C-4A13-ABBD-C50EFA6C92FB}.Release|Any CPU.ActiveCfg = Release|Any CPU
		{220F0E4B-068C-4A13-ABBD-C50EFA6C92FB}.Release|Any CPU.Build.0 = Release|Any CPU
	EndGlobalSection
	GlobalSection(SolutionProperties) = preSolution
		HideSolutionNode = FALSE
	EndGlobalSection
	GlobalSection(ExtensibilityGlobals) = postSolution
		SolutionGuid = {98AEDDCD-9D41-4D17-BC8C-D94020F1FA8A}
	EndGlobalSection
EndGlobal
