
Microsoft Visual Studio Solution File, Format Version 12.00
# Visual Studio 15
VisualStudioVersion = 15.0.27130.2027
MinimumVisualStudioVersion = 10.0.40219.1
Project("{FAE04EC0-301F-11D3-BF4B-00C04F79EFBC}") = "DotZeroMQ", "DotZeroMQ\DotZeroMQ.csproj", "{BBB6AB5D-2F6F-46F1-8987-BEC9FCF3B773}"
EndProject
Project("{FAE04EC0-301F-11D3-BF4B-00C04F79EFBC}") = "DotZeroMQ.ConsoleTest", "DotZeroMQ.ConsoleTest\DotZeroMQ.ConsoleTest.csproj", "{5BA60DCA-1264-4A7B-8725-7BE3429EC1A3}"
EndProject
Project("{FAE04EC0-301F-11D3-BF4B-00C04F79EFBC}") = "DotZeroMQ.UnitTests", "DotZeroMQ.UnitTests\DotZeroMQ.UnitTests.csproj", "{220F0E4B-068C-4A13-ABBD-C50EFA6C92FB}"
EndProject
Global
	GlobalSection(SolutionConfigurationPlatforms) = preSolution
		Debug|Any CPU = Debug|Any CPU
		Release|Any CPU = Release|Any CPU
	EndGlobalSection
	GlobalSection(ProjectConfigurationPlatforms) = postSolution
		{BBB6AB5D-2F6F-46F1-8987-BEC9FCF3B773}.Debug|Any CPU.ActiveCfg = Debug|Any CPU
		{BBB6AB5D-2F6F-46F1-8987-BEC9FCF3B773}.Debug|Any CPU.Build.0 = Debug|Any CPU
		{BBB6AB5D-2F6F-46F1-8987-BEC9FCF3B773}.Release|Any CPU.ActiveCfg = Release|Any CPU
		{BBB6AB5D-2F6F-46F1-8987-BEC9FCF3B773}.Release|Any CPU.Build.0 = Release|Any CPU
		{5BA60DCA-1264-4A7B-8725-7BE3429EC1A3}.Debug|Any CPU.ActiveCfg = Debug|Any CPU
		{5BA60DCA-1264-4A7B-8725-7BE3429EC1A3}.Debug|Any CPU.Build.0 = Debug|Any CPU
		{5BA60DCA-1264-4A7B-8725-7BE3429EC1A3}.Release|Any CPU.ActiveCfg = Release|Any CPU
		{5BA60DCA-1264-4A7B-8725-7BE3429EC1A3}.Release|Any CPU.Build.0 = Release|Any CPU
		{220F0E4B-068C-4A13-ABBD-C50EFA6C92FB}.Debug|Any CPU.ActiveCfg = Debug|Any CPU
		{220F0E4B-068C-4A13-ABBD-C50EFA6C92FB}.Debug|Any CPU.Build.0 = Debug|Any CPU
		{220F0E4B-068C-4A13-ABBD-C50EFA6C92FB}.Release|Any CPU.ActiveCfg = Release|Any CPU
		{220F0E4B-068C-4A13-ABBD-C50EFA6C92FB}.Release|Any CPU.Build.0 = Release|Any CPU
	EndGlobalSection
	GlobalSection(SolutionProperties) = preSolution
		HideSolutionNode = FALSE
	EndGlobalSection
	GlobalSection(ExtensibilityGlobals) = postSolution
		SolutionGuid = {98AEDDCD-9D41-4D17-BC8C-D94020F1FA8A}
	EndGlobalSection
EndGlobal
